
Microsoft Visual Studio Solution File, Format Version 12.00
# Visual Studio Version 17
VisualStudioVersion = 17.4.33213.308
MinimumVisualStudioVersion = 10.0.40219.1
Project("{9A19103F-16F7-4668-BE54-9A1E7A4F7556}") = "FlowtideDotNet.Storage", "src\FlowtideDotNet.Storage\FlowtideDotNet.Storage.csproj", "{810640F5-966F-42EA-9DC7-D26B0E97EBDD}"
EndProject
Project("{9A19103F-16F7-4668-BE54-9A1E7A4F7556}") = "FlowtideDotNet.Storage.Tests", "tests\FlowtideDotNet.Storage.Tests\FlowtideDotNet.Storage.Tests.csproj", "{C53EF29B-B3D7-4FF3-86EC-DEA5AFAA99A1}"
EndProject
Project("{9A19103F-16F7-4668-BE54-9A1E7A4F7556}") = "FlowtideDotNet.Benchmarks", "tests\FlowtideDotNet.Benchmarks\FlowtideDotNet.Benchmarks.csproj", "{C44FB637-5BC6-4727-BF86-E654CAD4AB70}"
EndProject
Project("{9A19103F-16F7-4668-BE54-9A1E7A4F7556}") = "FlowtideDotNet.Base", "src\FlowtideDotNet.Base\FlowtideDotNet.Base.csproj", "{D5DF6B76-0AA8-45A2-A172-87DF82AD690F}"
EndProject
Project("{9A19103F-16F7-4668-BE54-9A1E7A4F7556}") = "FlowtideDotNet.Core", "src\FlowtideDotNet.Core\FlowtideDotNet.Core.csproj", "{BC341502-2E43-4BDE-BB00-26EB6B720786}"
EndProject
Project("{9A19103F-16F7-4668-BE54-9A1E7A4F7556}") = "FlowtideDotNet.Substrait", "src\FlowtideDotNet.Substrait\FlowtideDotNet.Substrait.csproj", "{0727C087-AC48-4CAE-B2BD-3569CC2F8837}"
EndProject
Project("{9A19103F-16F7-4668-BE54-9A1E7A4F7556}") = "FlowtideDotNet.Core.Tests", "tests\FlowtideDotNet.Core.Tests\FlowtideDotNet.Core.Tests.csproj", "{79E8EBEF-F915-43BC-84F2-8DE2AC7BC545}"
EndProject
Project("{9A19103F-16F7-4668-BE54-9A1E7A4F7556}") = "FlowtideDotNet.Substrait.Tests", "tests\FlowtideDotNet.Substrait.Tests\FlowtideDotNet.Substrait.Tests.csproj", "{87E249D1-BC0D-438C-A853-8CD3760E9023}"
EndProject
Project("{9A19103F-16F7-4668-BE54-9A1E7A4F7556}") = "FlowtideDotNet.Base.Tests", "tests\FlowtideDotNet.Base.Tests\FlowtideDotNet.Base.Tests.csproj", "{A5DCCA35-1535-4958-85A6-AAD9259AA5F2}"
EndProject
Project("{9A19103F-16F7-4668-BE54-9A1E7A4F7556}") = "FlowtideDotNet.SqlServer.Tests", "tests\FlowtideDotNet.SqlServer.Tests\FlowtideDotNet.SqlServer.Tests.csproj", "{DE11AA66-7B9D-4A6B-B08E-23410B037BDB}"
EndProject
Project("{9A19103F-16F7-4668-BE54-9A1E7A4F7556}") = "FlowtideDotNet.AspNetCore", "src\FlowtideDotNet.AspNetCore\FlowtideDotNet.AspNetCore.csproj", "{B96DE384-27EE-443F-8620-0EA152AB6D50}"
EndProject
Project("{9A19103F-16F7-4668-BE54-9A1E7A4F7556}") = "FlowtideDotNet.AspNetCore.WebTest", "tests\FlowtideDotNet.AspNetCore.WebTest\FlowtideDotNet.AspNetCore.WebTest.csproj", "{242E8EE3-4D4A-486C-9B7A-0B0AD2FC6FD6}"
EndProject
Project("{2150E333-8FDC-42A3-9474-1A3956D46DE8}") = "src", "src", "{2E41A9E4-8F33-4708-81F2-1626EBEE6114}"
EndProject
Project("{2150E333-8FDC-42A3-9474-1A3956D46DE8}") = "tests", "tests", "{16CED581-7A8D-4806-B6F6-C544D030CC95}"
EndProject
Project("{2150E333-8FDC-42A3-9474-1A3956D46DE8}") = "samples", "samples", "{099E7EB7-4B9A-4CD5-BD2B-088751AE085B}"
EndProject
Project("{9A19103F-16F7-4668-BE54-9A1E7A4F7556}") = "SqlSampleWithUI", "samples\SqlSampleWithUI\SqlSampleWithUI.csproj", "{F8672D0D-CE9F-4F5A-ACF7-C4FAF076C81E}"
EndProject
Project("{9A19103F-16F7-4668-BE54-9A1E7A4F7556}") = "FlowtideDotNet.AcceptanceTests", "tests\FlowtideDotNet.AcceptanceTests\FlowtideDotNet.AcceptanceTests.csproj", "{4CB7B16A-1E7A-4002-A440-D873093C5B8A}"
EndProject
Project("{9A19103F-16F7-4668-BE54-9A1E7A4F7556}") = "MonitoringPrometheus", "samples\MonitoringPrometheus\MonitoringPrometheus.csproj", "{3D8888A3-E85D-4DED-BB2E-AC9090515947}"
EndProject
Project("{9A19103F-16F7-4668-BE54-9A1E7A4F7556}") = "MonitoringAzureMonitor", "samples\MonitoringAzureMonitor\MonitoringAzureMonitor.csproj", "{021E55B4-1743-46DB-BD51-5D1EC2B9FA1C}"
EndProject
Project("{9A19103F-16F7-4668-BE54-9A1E7A4F7556}") = "FlowtideDotNet.Connector.CosmosDB", "src\FlowtideDotNet.Connector.CosmosDB\FlowtideDotNet.Connector.CosmosDB.csproj", "{0E05589F-1216-4224-BB9A-35B8585F56DD}"
EndProject
Project("{9A19103F-16F7-4668-BE54-9A1E7A4F7556}") = "FlowtideDotNet.Connector.CosmosDB.Tests", "tests\FlowtideDotNet.Connector.CosmosDB.Tests\FlowtideDotNet.Connector.CosmosDB.Tests.csproj", "{4E3A4272-645E-4C6B-A5F4-88541C422EAC}"
EndProject
Project("{9A19103F-16F7-4668-BE54-9A1E7A4F7556}") = "FlowtideDotNet.Connector.ElasticSearch", "src\FlowtideDotNet.Connector.ElasticSearch\FlowtideDotNet.Connector.ElasticSearch.csproj", "{F57CC67D-A066-4B30-BBFC-517C4E35A7E8}"
EndProject
Project("{9A19103F-16F7-4668-BE54-9A1E7A4F7556}") = "FlowtideDotNet.Connector.ElasticSearch.Tests", "tests\FlowtideDotNet.Connector.ElasticSearch.Tests\FlowtideDotNet.Connector.ElasticSearch.Tests.csproj", "{155EE952-A173-4DAA-91C5-6424B7F5EF9E}"
EndProject
Project("{9A19103F-16F7-4668-BE54-9A1E7A4F7556}") = "FlowtideDotNet.Connector.SqlServer", "src\FlowtideDotNet.Connector.SqlServer\FlowtideDotNet.Connector.SqlServer.csproj", "{B80C06C0-B88D-44D7-958B-AD41CB3CE16B}"
EndProject
Project("{9A19103F-16F7-4668-BE54-9A1E7A4F7556}") = "FlowtideDotNet.Connector.MongoDB", "src\FlowtideDotNet.Connector.MongoDB\FlowtideDotNet.Connector.MongoDB.csproj", "{197D0AAD-A6ED-412A-A164-905145A796D5}"
EndProject
Project("{9A19103F-16F7-4668-BE54-9A1E7A4F7556}") = "FlowtideDotNet.Connector.MongoDB.Tests", "tests\FlowtideDotNet.Connector.MongoDB.Tests\FlowtideDotNet.Connector.MongoDB.Tests.csproj", "{45516C5A-FB7A-4EB2-9F84-48A58F838A0A}"
EndProject
Project("{9A19103F-16F7-4668-BE54-9A1E7A4F7556}") = "FlowtideDotNet.Connector.Kafka", "src\FlowtideDotNet.Connector.Kafka\FlowtideDotNet.Connector.Kafka.csproj", "{75D8B6D8-6CC0-4FF7-8619-C9171B29A7C8}"
EndProject
Project("{9A19103F-16F7-4668-BE54-9A1E7A4F7556}") = "FlowtideDotNet.Connector.Kafka.Tests", "tests\FlowtideDotNet.Connector.Kafka.Tests\FlowtideDotNet.Connector.Kafka.Tests.csproj", "{A33C7FAA-EADB-48D5-A62E-958B6BE8AE8D}"
EndProject
Project("{9A19103F-16F7-4668-BE54-9A1E7A4F7556}") = "FlowtideDotNet.Connector.Sharepoint", "src\FlowtideDotNet.Connector.Sharepoint\FlowtideDotNet.Connector.Sharepoint.csproj", "{C371CB36-0122-4D6F-9DEF-8E8DE91ADD82}"
EndProject
Project("{9A19103F-16F7-4668-BE54-9A1E7A4F7556}") = "FlowtideDotNet.Connector.OpenFGA", "src\FlowtideDotNet.Connector.OpenFGA\FlowtideDotNet.Connector.OpenFGA.csproj", "{0EAFEAD0-07AF-4AA0-88E2-FCBF246711A5}"
EndProject
Project("{9A19103F-16F7-4668-BE54-9A1E7A4F7556}") = "FlowtideDotNet.Connector.OpenFGA.Tests", "tests\FlowtideDotNet.Connector.OpenFGA.Tests\FlowtideDotNet.Connector.OpenFGA.Tests.csproj", "{8ABA2A72-D3A9-4585-AE49-213352271314}"
EndProject
Project("{9A19103F-16F7-4668-BE54-9A1E7A4F7556}") = "SqlServerToOpenFga", "samples\SqlServerToOpenFga\SqlServerToOpenFga.csproj", "{E1848A11-8BE6-4E1B-AB46-0DC1C02C6E15}"
EndProject
Project("{9A19103F-16F7-4668-BE54-9A1E7A4F7556}") = "OpenFgaSqlServerToMongoDb", "samples\OpenFgaSqlServerToMongoDb\OpenFgaSqlServerToMongoDb.csproj", "{3EE88AA7-7422-4941-B823-961EA28AF0A1}"
EndProject
Project("{9A19103F-16F7-4668-BE54-9A1E7A4F7556}") = "FlowtideDotNet.Connector.SpiceDB", "src\FlowtideDotNet.Connector.SpiceDB\FlowtideDotNet.Connector.SpiceDB.csproj", "{93E6DBEB-CF2E-4D1D-B211-04C0DEB0AC29}"
EndProject
Project("{9A19103F-16F7-4668-BE54-9A1E7A4F7556}") = "FlowtideDotNet.Connector.SpiceDB.Tests", "tests\FlowtideDotNet.Connector.SpiceDB.Tests\FlowtideDotNet.Connector.SpiceDB.Tests.csproj", "{E0D7BE9D-B831-4B8F-8629-FBBF9500EA99}"
EndProject
Project("{9A19103F-16F7-4668-BE54-9A1E7A4F7556}") = "FlowtideDotNet.Zanzibar", "src\FlowtideDotNet.Zanzibar\FlowtideDotNet.Zanzibar.csproj", "{B5F9197F-149B-48DD-A3B3-7271C85DD6E9}"
EndProject
Project("{9A19103F-16F7-4668-BE54-9A1E7A4F7556}") = "SqlServerToElasticProductionSample", "samples\SqlServerToElasticProductionSample\SqlServerToElasticProductionSample.csproj", "{8C410ABE-9279-43D3-A600-12D03400D1FF}"
EndProject
Project("{9A19103F-16F7-4668-BE54-9A1E7A4F7556}") = "FlowtideDotNet.DependencyInjection", "src\FlowtideDotNet.DependencyInjection\FlowtideDotNet.DependencyInjection.csproj", "{703C3485-6824-44DA-8977-B66FF0BEE413}"
EndProject
Project("{9A19103F-16F7-4668-BE54-9A1E7A4F7556}") = "FlowtideDotNet.Connector.Permify", "src\FlowtideDotNet.Connector.Permify\FlowtideDotNet.Connector.Permify.csproj", "{3DF413F3-FD3B-43E0-A21C-ECB8DF46A902}"
EndProject
Project("{9A19103F-16F7-4668-BE54-9A1E7A4F7556}") = "FlowtideDotNet.Connector.Permify.Tests", "tests\FlowtideDotNet.Connector.Permify.Tests\FlowtideDotNet.Connector.Permify.Tests.csproj", "{079CC855-A000-4E1C-9128-FE025A57FFCD}"
EndProject
Project("{FAE04EC0-301F-11D3-BF4B-00C04F79EFBC}") = "FlowtideDotNet.Orleans", "src\FlowtideDotNet.Orleans\FlowtideDotNet.Orleans.csproj", "{3E91C2B3-0A51-4BEC-9CE8-4035D41320A7}"
EndProject
Project("{FAE04EC0-301F-11D3-BF4B-00C04F79EFBC}") = "OrleansSample", "samples\OrleansSample\OrleansSample.csproj", "{B2239B4F-C9EA-4D94-85AB-26F7D2D055B2}"
EndProject
Global
	GlobalSection(SolutionConfigurationPlatforms) = preSolution
		Debug|Any CPU = Debug|Any CPU
		Release|Any CPU = Release|Any CPU
	EndGlobalSection
	GlobalSection(ProjectConfigurationPlatforms) = postSolution
		{810640F5-966F-42EA-9DC7-D26B0E97EBDD}.Debug|Any CPU.ActiveCfg = Debug|Any CPU
		{810640F5-966F-42EA-9DC7-D26B0E97EBDD}.Debug|Any CPU.Build.0 = Debug|Any CPU
		{810640F5-966F-42EA-9DC7-D26B0E97EBDD}.Release|Any CPU.ActiveCfg = Release|Any CPU
		{810640F5-966F-42EA-9DC7-D26B0E97EBDD}.Release|Any CPU.Build.0 = Release|Any CPU
		{C53EF29B-B3D7-4FF3-86EC-DEA5AFAA99A1}.Debug|Any CPU.ActiveCfg = Debug|Any CPU
		{C53EF29B-B3D7-4FF3-86EC-DEA5AFAA99A1}.Debug|Any CPU.Build.0 = Debug|Any CPU
		{C53EF29B-B3D7-4FF3-86EC-DEA5AFAA99A1}.Release|Any CPU.ActiveCfg = Release|Any CPU
		{C53EF29B-B3D7-4FF3-86EC-DEA5AFAA99A1}.Release|Any CPU.Build.0 = Release|Any CPU
		{C44FB637-5BC6-4727-BF86-E654CAD4AB70}.Debug|Any CPU.ActiveCfg = Debug|Any CPU
		{C44FB637-5BC6-4727-BF86-E654CAD4AB70}.Debug|Any CPU.Build.0 = Debug|Any CPU
		{C44FB637-5BC6-4727-BF86-E654CAD4AB70}.Release|Any CPU.ActiveCfg = Release|Any CPU
		{C44FB637-5BC6-4727-BF86-E654CAD4AB70}.Release|Any CPU.Build.0 = Release|Any CPU
		{D5DF6B76-0AA8-45A2-A172-87DF82AD690F}.Debug|Any CPU.ActiveCfg = Debug|Any CPU
		{D5DF6B76-0AA8-45A2-A172-87DF82AD690F}.Debug|Any CPU.Build.0 = Debug|Any CPU
		{D5DF6B76-0AA8-45A2-A172-87DF82AD690F}.Release|Any CPU.ActiveCfg = Release|Any CPU
		{D5DF6B76-0AA8-45A2-A172-87DF82AD690F}.Release|Any CPU.Build.0 = Release|Any CPU
		{BC341502-2E43-4BDE-BB00-26EB6B720786}.Debug|Any CPU.ActiveCfg = Debug|Any CPU
		{BC341502-2E43-4BDE-BB00-26EB6B720786}.Debug|Any CPU.Build.0 = Debug|Any CPU
		{BC341502-2E43-4BDE-BB00-26EB6B720786}.Release|Any CPU.ActiveCfg = Release|Any CPU
		{BC341502-2E43-4BDE-BB00-26EB6B720786}.Release|Any CPU.Build.0 = Release|Any CPU
		{0727C087-AC48-4CAE-B2BD-3569CC2F8837}.Debug|Any CPU.ActiveCfg = Debug|Any CPU
		{0727C087-AC48-4CAE-B2BD-3569CC2F8837}.Debug|Any CPU.Build.0 = Debug|Any CPU
		{0727C087-AC48-4CAE-B2BD-3569CC2F8837}.Release|Any CPU.ActiveCfg = Release|Any CPU
		{0727C087-AC48-4CAE-B2BD-3569CC2F8837}.Release|Any CPU.Build.0 = Release|Any CPU
		{79E8EBEF-F915-43BC-84F2-8DE2AC7BC545}.Debug|Any CPU.ActiveCfg = Debug|Any CPU
		{79E8EBEF-F915-43BC-84F2-8DE2AC7BC545}.Debug|Any CPU.Build.0 = Debug|Any CPU
		{79E8EBEF-F915-43BC-84F2-8DE2AC7BC545}.Release|Any CPU.ActiveCfg = Release|Any CPU
		{79E8EBEF-F915-43BC-84F2-8DE2AC7BC545}.Release|Any CPU.Build.0 = Release|Any CPU
		{87E249D1-BC0D-438C-A853-8CD3760E9023}.Debug|Any CPU.ActiveCfg = Debug|Any CPU
		{87E249D1-BC0D-438C-A853-8CD3760E9023}.Debug|Any CPU.Build.0 = Debug|Any CPU
		{87E249D1-BC0D-438C-A853-8CD3760E9023}.Release|Any CPU.ActiveCfg = Release|Any CPU
		{87E249D1-BC0D-438C-A853-8CD3760E9023}.Release|Any CPU.Build.0 = Release|Any CPU
		{A5DCCA35-1535-4958-85A6-AAD9259AA5F2}.Debug|Any CPU.ActiveCfg = Debug|Any CPU
		{A5DCCA35-1535-4958-85A6-AAD9259AA5F2}.Debug|Any CPU.Build.0 = Debug|Any CPU
		{A5DCCA35-1535-4958-85A6-AAD9259AA5F2}.Release|Any CPU.ActiveCfg = Release|Any CPU
		{A5DCCA35-1535-4958-85A6-AAD9259AA5F2}.Release|Any CPU.Build.0 = Release|Any CPU
		{DE11AA66-7B9D-4A6B-B08E-23410B037BDB}.Debug|Any CPU.ActiveCfg = Debug|Any CPU
		{DE11AA66-7B9D-4A6B-B08E-23410B037BDB}.Debug|Any CPU.Build.0 = Debug|Any CPU
		{DE11AA66-7B9D-4A6B-B08E-23410B037BDB}.Release|Any CPU.ActiveCfg = Release|Any CPU
		{DE11AA66-7B9D-4A6B-B08E-23410B037BDB}.Release|Any CPU.Build.0 = Release|Any CPU
		{B96DE384-27EE-443F-8620-0EA152AB6D50}.Debug|Any CPU.ActiveCfg = Debug|Any CPU
		{B96DE384-27EE-443F-8620-0EA152AB6D50}.Debug|Any CPU.Build.0 = Debug|Any CPU
		{B96DE384-27EE-443F-8620-0EA152AB6D50}.Release|Any CPU.ActiveCfg = Release|Any CPU
		{B96DE384-27EE-443F-8620-0EA152AB6D50}.Release|Any CPU.Build.0 = Release|Any CPU
		{242E8EE3-4D4A-486C-9B7A-0B0AD2FC6FD6}.Debug|Any CPU.ActiveCfg = Debug|Any CPU
		{242E8EE3-4D4A-486C-9B7A-0B0AD2FC6FD6}.Debug|Any CPU.Build.0 = Debug|Any CPU
		{242E8EE3-4D4A-486C-9B7A-0B0AD2FC6FD6}.Release|Any CPU.ActiveCfg = Release|Any CPU
		{242E8EE3-4D4A-486C-9B7A-0B0AD2FC6FD6}.Release|Any CPU.Build.0 = Release|Any CPU
		{F8672D0D-CE9F-4F5A-ACF7-C4FAF076C81E}.Debug|Any CPU.ActiveCfg = Debug|Any CPU
		{F8672D0D-CE9F-4F5A-ACF7-C4FAF076C81E}.Debug|Any CPU.Build.0 = Debug|Any CPU
		{F8672D0D-CE9F-4F5A-ACF7-C4FAF076C81E}.Release|Any CPU.ActiveCfg = Release|Any CPU
		{F8672D0D-CE9F-4F5A-ACF7-C4FAF076C81E}.Release|Any CPU.Build.0 = Release|Any CPU
		{4CB7B16A-1E7A-4002-A440-D873093C5B8A}.Debug|Any CPU.ActiveCfg = Debug|Any CPU
		{4CB7B16A-1E7A-4002-A440-D873093C5B8A}.Debug|Any CPU.Build.0 = Debug|Any CPU
		{4CB7B16A-1E7A-4002-A440-D873093C5B8A}.Release|Any CPU.ActiveCfg = Release|Any CPU
		{4CB7B16A-1E7A-4002-A440-D873093C5B8A}.Release|Any CPU.Build.0 = Release|Any CPU
		{3D8888A3-E85D-4DED-BB2E-AC9090515947}.Debug|Any CPU.ActiveCfg = Debug|Any CPU
		{3D8888A3-E85D-4DED-BB2E-AC9090515947}.Debug|Any CPU.Build.0 = Debug|Any CPU
		{3D8888A3-E85D-4DED-BB2E-AC9090515947}.Release|Any CPU.ActiveCfg = Release|Any CPU
		{3D8888A3-E85D-4DED-BB2E-AC9090515947}.Release|Any CPU.Build.0 = Release|Any CPU
		{021E55B4-1743-46DB-BD51-5D1EC2B9FA1C}.Debug|Any CPU.ActiveCfg = Debug|Any CPU
		{021E55B4-1743-46DB-BD51-5D1EC2B9FA1C}.Debug|Any CPU.Build.0 = Debug|Any CPU
		{021E55B4-1743-46DB-BD51-5D1EC2B9FA1C}.Release|Any CPU.ActiveCfg = Release|Any CPU
		{021E55B4-1743-46DB-BD51-5D1EC2B9FA1C}.Release|Any CPU.Build.0 = Release|Any CPU
		{0E05589F-1216-4224-BB9A-35B8585F56DD}.Debug|Any CPU.ActiveCfg = Debug|Any CPU
		{0E05589F-1216-4224-BB9A-35B8585F56DD}.Debug|Any CPU.Build.0 = Debug|Any CPU
		{0E05589F-1216-4224-BB9A-35B8585F56DD}.Release|Any CPU.ActiveCfg = Release|Any CPU
		{0E05589F-1216-4224-BB9A-35B8585F56DD}.Release|Any CPU.Build.0 = Release|Any CPU
		{4E3A4272-645E-4C6B-A5F4-88541C422EAC}.Debug|Any CPU.ActiveCfg = Debug|Any CPU
		{4E3A4272-645E-4C6B-A5F4-88541C422EAC}.Debug|Any CPU.Build.0 = Debug|Any CPU
		{4E3A4272-645E-4C6B-A5F4-88541C422EAC}.Release|Any CPU.ActiveCfg = Release|Any CPU
		{4E3A4272-645E-4C6B-A5F4-88541C422EAC}.Release|Any CPU.Build.0 = Release|Any CPU
		{F57CC67D-A066-4B30-BBFC-517C4E35A7E8}.Debug|Any CPU.ActiveCfg = Debug|Any CPU
		{F57CC67D-A066-4B30-BBFC-517C4E35A7E8}.Debug|Any CPU.Build.0 = Debug|Any CPU
		{F57CC67D-A066-4B30-BBFC-517C4E35A7E8}.Release|Any CPU.ActiveCfg = Release|Any CPU
		{F57CC67D-A066-4B30-BBFC-517C4E35A7E8}.Release|Any CPU.Build.0 = Release|Any CPU
		{155EE952-A173-4DAA-91C5-6424B7F5EF9E}.Debug|Any CPU.ActiveCfg = Debug|Any CPU
		{155EE952-A173-4DAA-91C5-6424B7F5EF9E}.Debug|Any CPU.Build.0 = Debug|Any CPU
		{155EE952-A173-4DAA-91C5-6424B7F5EF9E}.Release|Any CPU.ActiveCfg = Release|Any CPU
		{155EE952-A173-4DAA-91C5-6424B7F5EF9E}.Release|Any CPU.Build.0 = Release|Any CPU
		{B80C06C0-B88D-44D7-958B-AD41CB3CE16B}.Debug|Any CPU.ActiveCfg = Debug|Any CPU
		{B80C06C0-B88D-44D7-958B-AD41CB3CE16B}.Debug|Any CPU.Build.0 = Debug|Any CPU
		{B80C06C0-B88D-44D7-958B-AD41CB3CE16B}.Release|Any CPU.ActiveCfg = Release|Any CPU
		{B80C06C0-B88D-44D7-958B-AD41CB3CE16B}.Release|Any CPU.Build.0 = Release|Any CPU
		{197D0AAD-A6ED-412A-A164-905145A796D5}.Debug|Any CPU.ActiveCfg = Debug|Any CPU
		{197D0AAD-A6ED-412A-A164-905145A796D5}.Debug|Any CPU.Build.0 = Debug|Any CPU
		{197D0AAD-A6ED-412A-A164-905145A796D5}.Release|Any CPU.ActiveCfg = Release|Any CPU
		{197D0AAD-A6ED-412A-A164-905145A796D5}.Release|Any CPU.Build.0 = Release|Any CPU
		{45516C5A-FB7A-4EB2-9F84-48A58F838A0A}.Debug|Any CPU.ActiveCfg = Debug|Any CPU
		{45516C5A-FB7A-4EB2-9F84-48A58F838A0A}.Debug|Any CPU.Build.0 = Debug|Any CPU
		{45516C5A-FB7A-4EB2-9F84-48A58F838A0A}.Release|Any CPU.ActiveCfg = Release|Any CPU
		{45516C5A-FB7A-4EB2-9F84-48A58F838A0A}.Release|Any CPU.Build.0 = Release|Any CPU
		{75D8B6D8-6CC0-4FF7-8619-C9171B29A7C8}.Debug|Any CPU.ActiveCfg = Debug|Any CPU
		{75D8B6D8-6CC0-4FF7-8619-C9171B29A7C8}.Debug|Any CPU.Build.0 = Debug|Any CPU
		{75D8B6D8-6CC0-4FF7-8619-C9171B29A7C8}.Release|Any CPU.ActiveCfg = Release|Any CPU
		{75D8B6D8-6CC0-4FF7-8619-C9171B29A7C8}.Release|Any CPU.Build.0 = Release|Any CPU
		{A33C7FAA-EADB-48D5-A62E-958B6BE8AE8D}.Debug|Any CPU.ActiveCfg = Debug|Any CPU
		{A33C7FAA-EADB-48D5-A62E-958B6BE8AE8D}.Debug|Any CPU.Build.0 = Debug|Any CPU
		{A33C7FAA-EADB-48D5-A62E-958B6BE8AE8D}.Release|Any CPU.ActiveCfg = Release|Any CPU
		{A33C7FAA-EADB-48D5-A62E-958B6BE8AE8D}.Release|Any CPU.Build.0 = Release|Any CPU
		{C371CB36-0122-4D6F-9DEF-8E8DE91ADD82}.Debug|Any CPU.ActiveCfg = Debug|Any CPU
		{C371CB36-0122-4D6F-9DEF-8E8DE91ADD82}.Debug|Any CPU.Build.0 = Debug|Any CPU
		{C371CB36-0122-4D6F-9DEF-8E8DE91ADD82}.Release|Any CPU.ActiveCfg = Release|Any CPU
		{C371CB36-0122-4D6F-9DEF-8E8DE91ADD82}.Release|Any CPU.Build.0 = Release|Any CPU
		{0EAFEAD0-07AF-4AA0-88E2-FCBF246711A5}.Debug|Any CPU.ActiveCfg = Debug|Any CPU
		{0EAFEAD0-07AF-4AA0-88E2-FCBF246711A5}.Debug|Any CPU.Build.0 = Debug|Any CPU
		{0EAFEAD0-07AF-4AA0-88E2-FCBF246711A5}.Release|Any CPU.ActiveCfg = Release|Any CPU
		{0EAFEAD0-07AF-4AA0-88E2-FCBF246711A5}.Release|Any CPU.Build.0 = Release|Any CPU
		{8ABA2A72-D3A9-4585-AE49-213352271314}.Debug|Any CPU.ActiveCfg = Debug|Any CPU
		{8ABA2A72-D3A9-4585-AE49-213352271314}.Debug|Any CPU.Build.0 = Debug|Any CPU
		{8ABA2A72-D3A9-4585-AE49-213352271314}.Release|Any CPU.ActiveCfg = Release|Any CPU
		{8ABA2A72-D3A9-4585-AE49-213352271314}.Release|Any CPU.Build.0 = Release|Any CPU
		{E1848A11-8BE6-4E1B-AB46-0DC1C02C6E15}.Debug|Any CPU.ActiveCfg = Debug|Any CPU
		{E1848A11-8BE6-4E1B-AB46-0DC1C02C6E15}.Debug|Any CPU.Build.0 = Debug|Any CPU
		{E1848A11-8BE6-4E1B-AB46-0DC1C02C6E15}.Release|Any CPU.ActiveCfg = Release|Any CPU
		{E1848A11-8BE6-4E1B-AB46-0DC1C02C6E15}.Release|Any CPU.Build.0 = Release|Any CPU
		{3EE88AA7-7422-4941-B823-961EA28AF0A1}.Debug|Any CPU.ActiveCfg = Debug|Any CPU
		{3EE88AA7-7422-4941-B823-961EA28AF0A1}.Debug|Any CPU.Build.0 = Debug|Any CPU
		{3EE88AA7-7422-4941-B823-961EA28AF0A1}.Release|Any CPU.ActiveCfg = Release|Any CPU
		{3EE88AA7-7422-4941-B823-961EA28AF0A1}.Release|Any CPU.Build.0 = Release|Any CPU
		{93E6DBEB-CF2E-4D1D-B211-04C0DEB0AC29}.Debug|Any CPU.ActiveCfg = Debug|Any CPU
		{93E6DBEB-CF2E-4D1D-B211-04C0DEB0AC29}.Debug|Any CPU.Build.0 = Debug|Any CPU
		{93E6DBEB-CF2E-4D1D-B211-04C0DEB0AC29}.Release|Any CPU.ActiveCfg = Release|Any CPU
		{93E6DBEB-CF2E-4D1D-B211-04C0DEB0AC29}.Release|Any CPU.Build.0 = Release|Any CPU
		{E0D7BE9D-B831-4B8F-8629-FBBF9500EA99}.Debug|Any CPU.ActiveCfg = Debug|Any CPU
		{E0D7BE9D-B831-4B8F-8629-FBBF9500EA99}.Debug|Any CPU.Build.0 = Debug|Any CPU
		{E0D7BE9D-B831-4B8F-8629-FBBF9500EA99}.Release|Any CPU.ActiveCfg = Release|Any CPU
		{E0D7BE9D-B831-4B8F-8629-FBBF9500EA99}.Release|Any CPU.Build.0 = Release|Any CPU
		{B5F9197F-149B-48DD-A3B3-7271C85DD6E9}.Debug|Any CPU.ActiveCfg = Debug|Any CPU
		{B5F9197F-149B-48DD-A3B3-7271C85DD6E9}.Debug|Any CPU.Build.0 = Debug|Any CPU
		{B5F9197F-149B-48DD-A3B3-7271C85DD6E9}.Release|Any CPU.ActiveCfg = Release|Any CPU
		{B5F9197F-149B-48DD-A3B3-7271C85DD6E9}.Release|Any CPU.Build.0 = Release|Any CPU
		{8C410ABE-9279-43D3-A600-12D03400D1FF}.Debug|Any CPU.ActiveCfg = Debug|Any CPU
		{8C410ABE-9279-43D3-A600-12D03400D1FF}.Debug|Any CPU.Build.0 = Debug|Any CPU
		{8C410ABE-9279-43D3-A600-12D03400D1FF}.Release|Any CPU.ActiveCfg = Release|Any CPU
		{8C410ABE-9279-43D3-A600-12D03400D1FF}.Release|Any CPU.Build.0 = Release|Any CPU
		{703C3485-6824-44DA-8977-B66FF0BEE413}.Debug|Any CPU.ActiveCfg = Debug|Any CPU
		{703C3485-6824-44DA-8977-B66FF0BEE413}.Debug|Any CPU.Build.0 = Debug|Any CPU
		{703C3485-6824-44DA-8977-B66FF0BEE413}.Release|Any CPU.ActiveCfg = Release|Any CPU
		{703C3485-6824-44DA-8977-B66FF0BEE413}.Release|Any CPU.Build.0 = Release|Any CPU
		{3DF413F3-FD3B-43E0-A21C-ECB8DF46A902}.Debug|Any CPU.ActiveCfg = Debug|Any CPU
		{3DF413F3-FD3B-43E0-A21C-ECB8DF46A902}.Debug|Any CPU.Build.0 = Debug|Any CPU
		{3DF413F3-FD3B-43E0-A21C-ECB8DF46A902}.Release|Any CPU.ActiveCfg = Release|Any CPU
		{3DF413F3-FD3B-43E0-A21C-ECB8DF46A902}.Release|Any CPU.Build.0 = Release|Any CPU
		{079CC855-A000-4E1C-9128-FE025A57FFCD}.Debug|Any CPU.ActiveCfg = Debug|Any CPU
		{079CC855-A000-4E1C-9128-FE025A57FFCD}.Debug|Any CPU.Build.0 = Debug|Any CPU
		{079CC855-A000-4E1C-9128-FE025A57FFCD}.Release|Any CPU.ActiveCfg = Release|Any CPU
		{079CC855-A000-4E1C-9128-FE025A57FFCD}.Release|Any CPU.Build.0 = Release|Any CPU
		{3E91C2B3-0A51-4BEC-9CE8-4035D41320A7}.Debug|Any CPU.ActiveCfg = Debug|Any CPU
		{3E91C2B3-0A51-4BEC-9CE8-4035D41320A7}.Debug|Any CPU.Build.0 = Debug|Any CPU
		{3E91C2B3-0A51-4BEC-9CE8-4035D41320A7}.Release|Any CPU.ActiveCfg = Release|Any CPU
		{3E91C2B3-0A51-4BEC-9CE8-4035D41320A7}.Release|Any CPU.Build.0 = Release|Any CPU
		{B2239B4F-C9EA-4D94-85AB-26F7D2D055B2}.Debug|Any CPU.ActiveCfg = Debug|Any CPU
		{B2239B4F-C9EA-4D94-85AB-26F7D2D055B2}.Debug|Any CPU.Build.0 = Debug|Any CPU
		{B2239B4F-C9EA-4D94-85AB-26F7D2D055B2}.Release|Any CPU.ActiveCfg = Release|Any CPU
		{B2239B4F-C9EA-4D94-85AB-26F7D2D055B2}.Release|Any CPU.Build.0 = Release|Any CPU
	EndGlobalSection
	GlobalSection(SolutionProperties) = preSolution
		HideSolutionNode = FALSE
	EndGlobalSection
	GlobalSection(NestedProjects) = preSolution
		{810640F5-966F-42EA-9DC7-D26B0E97EBDD} = {2E41A9E4-8F33-4708-81F2-1626EBEE6114}
		{C53EF29B-B3D7-4FF3-86EC-DEA5AFAA99A1} = {16CED581-7A8D-4806-B6F6-C544D030CC95}
		{C44FB637-5BC6-4727-BF86-E654CAD4AB70} = {16CED581-7A8D-4806-B6F6-C544D030CC95}
		{D5DF6B76-0AA8-45A2-A172-87DF82AD690F} = {2E41A9E4-8F33-4708-81F2-1626EBEE6114}
		{BC341502-2E43-4BDE-BB00-26EB6B720786} = {2E41A9E4-8F33-4708-81F2-1626EBEE6114}
		{0727C087-AC48-4CAE-B2BD-3569CC2F8837} = {2E41A9E4-8F33-4708-81F2-1626EBEE6114}
		{79E8EBEF-F915-43BC-84F2-8DE2AC7BC545} = {16CED581-7A8D-4806-B6F6-C544D030CC95}
		{87E249D1-BC0D-438C-A853-8CD3760E9023} = {16CED581-7A8D-4806-B6F6-C544D030CC95}
		{A5DCCA35-1535-4958-85A6-AAD9259AA5F2} = {16CED581-7A8D-4806-B6F6-C544D030CC95}
		{DE11AA66-7B9D-4A6B-B08E-23410B037BDB} = {16CED581-7A8D-4806-B6F6-C544D030CC95}
		{B96DE384-27EE-443F-8620-0EA152AB6D50} = {2E41A9E4-8F33-4708-81F2-1626EBEE6114}
		{242E8EE3-4D4A-486C-9B7A-0B0AD2FC6FD6} = {16CED581-7A8D-4806-B6F6-C544D030CC95}
		{F8672D0D-CE9F-4F5A-ACF7-C4FAF076C81E} = {099E7EB7-4B9A-4CD5-BD2B-088751AE085B}
		{4CB7B16A-1E7A-4002-A440-D873093C5B8A} = {16CED581-7A8D-4806-B6F6-C544D030CC95}
		{3D8888A3-E85D-4DED-BB2E-AC9090515947} = {099E7EB7-4B9A-4CD5-BD2B-088751AE085B}
		{021E55B4-1743-46DB-BD51-5D1EC2B9FA1C} = {099E7EB7-4B9A-4CD5-BD2B-088751AE085B}
		{0E05589F-1216-4224-BB9A-35B8585F56DD} = {2E41A9E4-8F33-4708-81F2-1626EBEE6114}
		{4E3A4272-645E-4C6B-A5F4-88541C422EAC} = {16CED581-7A8D-4806-B6F6-C544D030CC95}
		{F57CC67D-A066-4B30-BBFC-517C4E35A7E8} = {2E41A9E4-8F33-4708-81F2-1626EBEE6114}
		{155EE952-A173-4DAA-91C5-6424B7F5EF9E} = {16CED581-7A8D-4806-B6F6-C544D030CC95}
		{B80C06C0-B88D-44D7-958B-AD41CB3CE16B} = {2E41A9E4-8F33-4708-81F2-1626EBEE6114}
		{197D0AAD-A6ED-412A-A164-905145A796D5} = {2E41A9E4-8F33-4708-81F2-1626EBEE6114}
		{45516C5A-FB7A-4EB2-9F84-48A58F838A0A} = {16CED581-7A8D-4806-B6F6-C544D030CC95}
		{75D8B6D8-6CC0-4FF7-8619-C9171B29A7C8} = {2E41A9E4-8F33-4708-81F2-1626EBEE6114}
		{A33C7FAA-EADB-48D5-A62E-958B6BE8AE8D} = {16CED581-7A8D-4806-B6F6-C544D030CC95}
		{C371CB36-0122-4D6F-9DEF-8E8DE91ADD82} = {2E41A9E4-8F33-4708-81F2-1626EBEE6114}
		{0EAFEAD0-07AF-4AA0-88E2-FCBF246711A5} = {2E41A9E4-8F33-4708-81F2-1626EBEE6114}
		{8ABA2A72-D3A9-4585-AE49-213352271314} = {16CED581-7A8D-4806-B6F6-C544D030CC95}
		{E1848A11-8BE6-4E1B-AB46-0DC1C02C6E15} = {099E7EB7-4B9A-4CD5-BD2B-088751AE085B}
		{3EE88AA7-7422-4941-B823-961EA28AF0A1} = {099E7EB7-4B9A-4CD5-BD2B-088751AE085B}
		{93E6DBEB-CF2E-4D1D-B211-04C0DEB0AC29} = {2E41A9E4-8F33-4708-81F2-1626EBEE6114}
		{E0D7BE9D-B831-4B8F-8629-FBBF9500EA99} = {16CED581-7A8D-4806-B6F6-C544D030CC95}
		{B5F9197F-149B-48DD-A3B3-7271C85DD6E9} = {2E41A9E4-8F33-4708-81F2-1626EBEE6114}
		{8C410ABE-9279-43D3-A600-12D03400D1FF} = {099E7EB7-4B9A-4CD5-BD2B-088751AE085B}
		{703C3485-6824-44DA-8977-B66FF0BEE413} = {2E41A9E4-8F33-4708-81F2-1626EBEE6114}
		{3DF413F3-FD3B-43E0-A21C-ECB8DF46A902} = {2E41A9E4-8F33-4708-81F2-1626EBEE6114}
		{079CC855-A000-4E1C-9128-FE025A57FFCD} = {16CED581-7A8D-4806-B6F6-C544D030CC95}
		{3E91C2B3-0A51-4BEC-9CE8-4035D41320A7} = {2E41A9E4-8F33-4708-81F2-1626EBEE6114}
		{B2239B4F-C9EA-4D94-85AB-26F7D2D055B2} = {099E7EB7-4B9A-4CD5-BD2B-088751AE085B}
	EndGlobalSection
	GlobalSection(ExtensibilityGlobals) = postSolution
		SolutionGuid = {314C9503-DE99-42AA-8FB0-E355C91986C4}
	EndGlobalSection
EndGlobal
